
Microsoft Visual Studio Solution File, Format Version 12.00
# Visual Studio Version 17
VisualStudioVersion = 17.11.35312.102
MinimumVisualStudioVersion = 10.0.40219.1
Project("{FAE04EC0-301F-11D3-BF4B-00C04F79EFBC}") = "ASP.NET_Student", "ASP.NET_Student\ASP.NET_Student.csproj", "{7FF2ACA3-7EB4-4C58-8087-1E7BB4AC7F4E}"
EndProject
Global
	GlobalSection(SolutionConfigurationPlatforms) = preSolution
		Debug|Any CPU = Debug|Any CPU
		Release|Any CPU = Release|Any CPU
	EndGlobalSection
	GlobalSection(ProjectConfigurationPlatforms) = postSolution
		{7FF2ACA3-7EB4-4C58-8087-1E7BB4AC7F4E}.Debug|Any CPU.ActiveCfg = Debug|Any CPU
		{7FF2ACA3-7EB4-4C58-8087-1E7BB4AC7F4E}.Debug|Any CPU.Build.0 = Debug|Any CPU
		{7FF2ACA3-7EB4-4C58-8087-1E7BB4AC7F4E}.Release|Any CPU.ActiveCfg = Release|Any CPU
		{7FF2ACA3-7EB4-4C58-8087-1E7BB4AC7F4E}.Release|Any CPU.Build.0 = Release|Any CPU
	EndGlobalSection
	GlobalSection(SolutionProperties) = preSolution
		HideSolutionNode = FALSE
	EndGlobalSection
	GlobalSection(ExtensibilityGlobals) = postSolution
		SolutionGuid = {D26EF8D0-B3D2-4ABD-B1DB-E35FEB2A2AE3}
	EndGlobalSection
EndGlobal
